{
  "name": "drc-virtual-golf-caddie",
  "version": "1.0.0",
  "description": "DRC Virtual Golf Caddie with Live GPS and Physics Engine",
  "main": "app.js",
  "scripts": {
    "build": "echo 'No web compilation layout needed; copying assets directly.'",
    "sync": "npx cap sync android",
    "open:android": "npx cap open android"
  },
  "dependencies": {
    "@capacitor/android": "^6.0.0",
    "@capacitor/core": "^6.0.0"
  },
  "devDependencies": {
    "@capacitor/cli": "^6.0.0"
  },
  "private": true
}
